
Microsoft Visual Studio Solution File, Format Version 12.00
# Visual Studio Version 17
VisualStudioVersion = 17.7.34018.315
MinimumVisualStudioVersion = 10.0.40219.1
Project("{8BC9CEB8-8B4A-11D0-8D11-00A0C91BC942}") = "SourceMgtCIS1202PM", "SourceMgtCIS1202PM.vcxproj", "{E93B95C6-BBB8-449B-A5EB-DD675F4A6985}"
EndProject
Global
	GlobalSection(SolutionConfigurationPlatforms) = preSolution
		Debug|x64 = Debug|x64
		Debug|x86 = Debug|x86
		Release|x64 = Release|x64
		Release|x86 = Release|x86
	EndGlobalSection
	GlobalSection(ProjectConfigurationPlatforms) = postSolution
		{E93B95C6-BBB8-449B-A5EB-DD675F4A6985}.Debug|x64.ActiveCfg = Debug|x64
		{E93B95C6-BBB8-449B-A5EB-DD675F4A6985}.Debug|x64.Build.0 = Debug|x64
		{E93B95C6-BBB8-449B-A5EB-DD675F4A6985}.Debug|x86.ActiveCfg = Debug|Win32
		{E93B95C6-BBB8-449B-A5EB-DD675F4A6985}.Debug|x86.Build.0 = Debug|Win32
		{E93B95C6-BBB8-449B-A5EB-DD675F4A6985}.Release|x64.ActiveCfg = Release|x64
		{E93B95C6-BBB8-449B-A5EB-DD675F4A6985}.Release|x64.Build.0 = Release|x64
		{E93B95C6-BBB8-449B-A5EB-DD675F4A6985}.Release|x86.ActiveCfg = Release|Win32
		{E93B95C6-BBB8-449B-A5EB-DD675F4A6985}.Release|x86.Build.0 = Release|Win32
	EndGlobalSection
	GlobalSection(SolutionProperties) = preSolution
		HideSolutionNode = FALSE
	EndGlobalSection
	GlobalSection(ExtensibilityGlobals) = postSolution
		SolutionGuid = {C10E845C-7551-413B-A647-86738E82F65E}
	EndGlobalSection
EndGlobal
